
Microsoft Visual Studio Solution File, Format Version 12.00
# Visual Studio Version 16
VisualStudioVersion = 16.0.29503.13
MinimumVisualStudioVersion = 10.0.40219.1
Project("{FAE04EC0-301F-11D3-BF4B-00C04F79EFBC}") = "TodoApi", "TodoApi\TodoApi.csproj", "{B152F7DC-529A-47CA-95EA-522538F76F32}"
EndProject
Global
	GlobalSection(SolutionConfigurationPlatforms) = preSolution
		Debug|Any CPU = Debug|Any CPU
		Release|Any CPU = Release|Any CPU
	EndGlobalSection
	GlobalSection(ProjectConfigurationPlatforms) = postSolution
		{B152F7DC-529A-47CA-95EA-522538F76F32}.Debug|Any CPU.ActiveCfg = Debug|Any CPU
		{B152F7DC-529A-47CA-95EA-522538F76F32}.Debug|Any CPU.Build.0 = Debug|Any CPU
		{B152F7DC-529A-47CA-95EA-522538F76F32}.Release|Any CPU.ActiveCfg = Release|Any CPU
		{B152F7DC-529A-47CA-95EA-522538F76F32}.Release|Any CPU.Build.0 = Release|Any CPU
	EndGlobalSection
	GlobalSection(SolutionProperties) = preSolution
		HideSolutionNode = FALSE
	EndGlobalSection
	GlobalSection(ExtensibilityGlobals) = postSolution
		SolutionGuid = {5B417933-0FE8-4001-9B68-388E8FBD5581}
	EndGlobalSection
EndGlobal
